
Microsoft Visual Studio Solution File, Format Version 12.00
# Visual Studio Version 17
VisualStudioVersion = 17.3.32825.248
MinimumVisualStudioVersion = 10.0.40219.1
Project("{FAE04EC0-301F-11D3-BF4B-00C04F79EFBC}") = "eTickets", "eTickets\eTickets.csproj", "{28453201-F2D4-4DA8-AE76-B24D3D8E7CEF}"
EndProject
Global
	GlobalSection(SolutionConfigurationPlatforms) = preSolution
		Debug|Any CPU = Debug|Any CPU
		Release|Any CPU = Release|Any CPU
	EndGlobalSection
	GlobalSection(ProjectConfigurationPlatforms) = postSolution
		{28453201-F2D4-4DA8-AE76-B24D3D8E7CEF}.Debug|Any CPU.ActiveCfg = Debug|Any CPU
		{28453201-F2D4-4DA8-AE76-B24D3D8E7CEF}.Debug|Any CPU.Build.0 = Debug|Any CPU
		{28453201-F2D4-4DA8-AE76-B24D3D8E7CEF}.Release|Any CPU.ActiveCfg = Release|Any CPU
		{28453201-F2D4-4DA8-AE76-B24D3D8E7CEF}.Release|Any CPU.Build.0 = Release|Any CPU
	EndGlobalSection
	GlobalSection(SolutionProperties) = preSolution
		HideSolutionNode = FALSE
	EndGlobalSection
	GlobalSection(ExtensibilityGlobals) = postSolution
		SolutionGuid = {CFC2E743-6E8F-420A-B427-8D051112752A}
	EndGlobalSection
EndGlobal
